
Microsoft Visual Studio Solution File, Format Version 12.00
# Visual Studio Version 16
VisualStudioVersion = 16.0.29920.165
MinimumVisualStudioVersion = 10.0.40219.1
Project("{8BC9CEB8-8B4A-11D0-8D11-00A0C91BC942}") = "generate_integer_set", "generate_integer_set.vcxproj", "{AB43E1BA-C1DD-44BC-8E11-E7DE72DDF36F}"
EndProject
Global
	GlobalSection(SolutionConfigurationPlatforms) = preSolution
		Debug|x64 = Debug|x64
		Debug|x86 = Debug|x86
		Release|x64 = Release|x64
		Release|x86 = Release|x86
	EndGlobalSection
	GlobalSection(ProjectConfigurationPlatforms) = postSolution
		{AB43E1BA-C1DD-44BC-8E11-E7DE72DDF36F}.Debug|x64.ActiveCfg = Debug|x64
		{AB43E1BA-C1DD-44BC-8E11-E7DE72DDF36F}.Debug|x64.Build.0 = Debug|x64
		{AB43E1BA-C1DD-44BC-8E11-E7DE72DDF36F}.Debug|x86.ActiveCfg = Debug|Win32
		{AB43E1BA-C1DD-44BC-8E11-E7DE72DDF36F}.Debug|x86.Build.0 = Debug|Win32
		{AB43E1BA-C1DD-44BC-8E11-E7DE72DDF36F}.Release|x64.ActiveCfg = Release|x64
		{AB43E1BA-C1DD-44BC-8E11-E7DE72DDF36F}.Release|x64.Build.0 = Release|x64
		{AB43E1BA-C1DD-44BC-8E11-E7DE72DDF36F}.Release|x86.ActiveCfg = Release|Win32
		{AB43E1BA-C1DD-44BC-8E11-E7DE72DDF36F}.Release|x86.Build.0 = Release|Win32
	EndGlobalSection
	GlobalSection(SolutionProperties) = preSolution
		HideSolutionNode = FALSE
	EndGlobalSection
	GlobalSection(ExtensibilityGlobals) = postSolution
		SolutionGuid = {169EB6C0-22E8-4E76-B24C-6FF36A96AAC9}
	EndGlobalSection
EndGlobal
